<?xml version="1.0" encoding="utf-8"?>
<Project ToolsVersion="4.0" xmlns="http://schemas.microsoft.com/developer/msbuild/2003">
  <ItemGroup>
    <Filter Include="ソース ファイル">
      <UniqueIdentifier>{4FC737F1-C7A5-4376-A066-2A32D752A2FF}</UniqueIdentifier>
      <Extensions>cpp;c;cc;cxx;c++;cppm;ixx;def;odl;idl;hpj;bat;asm;asmx</Extensions>
    </Filter>
    <Filter Include="ヘッダー ファイル">
      <UniqueIdentifier>{93995380-89BD-4b04-88EB-625FBE52EBFB}</UniqueIdentifier>
      <Extensions>h;hh;hpp;hxx;h++;hm;inl;inc;ipp;xsd</Extensions>
    </Filter>
    <Filter Include="ソース ファイル\Common">
      <UniqueIdentifier>{28c3a187-9e22-4957-bd2f-fad24f3500d4}</UniqueIdentifier>
    </Filter>
    <Filter Include="ソース ファイル\Component">
      <UniqueIdentifier>{505c53cd-b488-40ea-903b-ff9f412fdea3}</UniqueIdentifier>
    </Filter>
    <Filter Include="ソース ファイル\Static">
      <UniqueIdentifier>{2acb3fc0-866d-46a1-83ae-3257cc1ad525}</UniqueIdentifier>
    </Filter>
    <Filter Include="ヘッダー ファイル\Common">
      <UniqueIdentifier>{d79f7eef-e43f-4df1-a353-c379d3c00fb4}</UniqueIdentifier>
    </Filter>
    <Filter Include="ヘッダー ファイル\Component">
      <UniqueIdentifier>{93dcf888-9b9a-48ba-92be-d5c259df0d4e}</UniqueIdentifier>
    </Filter>
    <Filter Include="ヘッダー ファイル\Scene">
      <UniqueIdentifier>{cb838e07-22d0-4c64-a23b-3dc9c5f5c70d}</UniqueIdentifier>
    </Filter>
    <Filter Include="ヘッダー ファイル\Static">
      <UniqueIdentifier>{6b977340-1991-481b-b06c-e5d8bd7fc343}</UniqueIdentifier>
    </Filter>
    <Filter Include="ヘッダー ファイル\Common\Debug">
      <UniqueIdentifier>{856f940d-1863-4583-a6f9-be61ac1f27fc}</UniqueIdentifier>
    </Filter>
    <Filter Include="ソース ファイル\Component\Script">
      <UniqueIdentifier>{16fa3e7d-4b69-4fa6-8a02-f6130282b6fe}</UniqueIdentifier>
    </Filter>
    <Filter Include="ヘッダー ファイル\Component\Script">
      <UniqueIdentifier>{bca8ef06-b551-4924-89fc-0ab30219ebd8}</UniqueIdentifier>
    </Filter>
    <Filter Include="ソース ファイル\Component\Script\Debug">
      <UniqueIdentifier>{4f65da68-c88f-45fb-8883-5de55645d2fd}</UniqueIdentifier>
    </Filter>
    <Filter Include="ヘッダー ファイル\Component\Script\Debug">
      <UniqueIdentifier>{a2d5af1e-c9a3-4007-9300-9dbbe96c1a9d}</UniqueIdentifier>
    </Filter>
    <Filter Include="ソース ファイル\Static\Debug">
      <UniqueIdentifier>{5b4f57ce-c065-4975-98d5-0193179396ea}</UniqueIdentifier>
    </Filter>
    <Filter Include="ヘッダー ファイル\Static\Debug">
      <UniqueIdentifier>{9b05380f-5386-45b8-a06a-b7ed82a39f3a}</UniqueIdentifier>
    </Filter>
    <Filter Include="シェーダー ファイル">
      <UniqueIdentifier>{67DA6AB6-F800-4c08-8B7A-83BB121AAD01}</UniqueIdentifier>
      <Extensions>rc;ico;cur;bmp;dlg;rc2;rct;bin;rgs;gif;jpg;jpeg;jpe;resx;tiff;tif;png;wav;mfcribbon-ms</Extensions>
    </Filter>
    <Filter Include="外部 ファイル">
      <UniqueIdentifier>{69c1c264-18b3-487c-89f3-ca0a28c81d8f}</UniqueIdentifier>
    </Filter>
    <Filter Include="外部 ファイル\ImGui">
      <UniqueIdentifier>{0c5634c5-8380-4eb0-b9e2-43f07370305c}</UniqueIdentifier>
    </Filter>
    <Filter Include="ソース ファイル\Component\Script\Demo_Invoke">
      <UniqueIdentifier>{de2fb001-91e5-40c8-aab5-2c33fde56b75}</UniqueIdentifier>
    </Filter>
    <Filter Include="ソース ファイル\Component\Script\Demo_CollisionSplit">
      <UniqueIdentifier>{309a2bda-1504-47b5-a601-d6a273cbb459}</UniqueIdentifier>
    </Filter>
    <Filter Include="ヘッダー ファイル\Static\Container">
      <UniqueIdentifier>{e9271847-a030-4529-97f9-7319b7e9b951}</UniqueIdentifier>
    </Filter>
    <Filter Include="ヘッダー ファイル\Static\ConvenientClass">
      <UniqueIdentifier>{5361e785-16cb-4d12-96ed-b7d4f250ba42}</UniqueIdentifier>
    </Filter>
    <Filter Include="ヘッダー ファイル\Static\Manager">
      <UniqueIdentifier>{51a62f15-57d6-46d1-9016-6e5d3c0d625d}</UniqueIdentifier>
    </Filter>
    <Filter Include="ソース ファイル\Static\Container">
      <UniqueIdentifier>{1452fed2-51e6-42c0-ba5a-72f697acde13}</UniqueIdentifier>
    </Filter>
    <Filter Include="ソース ファイル\Static\ConvenientClass">
      <UniqueIdentifier>{d34eb300-25a6-4b2a-aa43-e8d2fef4fc12}</UniqueIdentifier>
    </Filter>
    <Filter Include="ソース ファイル\Static\Manager">
      <UniqueIdentifier>{9f35432a-0157-4a64-9df0-137666fcf05f}</UniqueIdentifier>
    </Filter>
    <Filter Include="ソース ファイル\Common\Debug">
      <UniqueIdentifier>{fcd9d2e2-aef6-42b0-b2dd-a3dcac43769e}</UniqueIdentifier>
    </Filter>
    <Filter Include="ソース ファイル\Component\System">
      <UniqueIdentifier>{b57ee35a-c17c-450e-b966-3f293b4824e7}</UniqueIdentifier>
    </Filter>
    <Filter Include="ソース ファイル\Component\System\Draw2D">
      <UniqueIdentifier>{b10dce19-2cf4-4cbe-886c-dcff53aebf64}</UniqueIdentifier>
    </Filter>
    <Filter Include="ソース ファイル\Component\System\Draw3D">
      <UniqueIdentifier>{d1c5cb0a-481d-47df-8247-e992e8db0f39}</UniqueIdentifier>
    </Filter>
    <Filter Include="ソース ファイル\Component\System\Camera">
      <UniqueIdentifier>{6cd6be88-afb3-40af-affa-bb47565bba10}</UniqueIdentifier>
    </Filter>
    <Filter Include="ソース ファイル\Component\System\NotDraw">
      <UniqueIdentifier>{6ecf690a-11af-4851-93e7-3b1e1d28e8f2}</UniqueIdentifier>
    </Filter>
    <Filter Include="ソース ファイル\Component\System\Base">
      <UniqueIdentifier>{dd9b7c0b-4143-462d-880a-7b2a3a179df4}</UniqueIdentifier>
    </Filter>
    <Filter Include="ヘッダー ファイル\Component\System">
      <UniqueIdentifier>{586656d3-8253-4777-a5ea-290276880cf5}</UniqueIdentifier>
    </Filter>
    <Filter Include="ヘッダー ファイル\Component\System\Draw2D">
      <UniqueIdentifier>{2a5dbb09-8249-4977-a4ed-575e2921f5ea}</UniqueIdentifier>
    </Filter>
    <Filter Include="ヘッダー ファイル\Component\System\Draw3D">
      <UniqueIdentifier>{82bc0043-edd4-4963-ac0e-116029ba830e}</UniqueIdentifier>
    </Filter>
    <Filter Include="ヘッダー ファイル\Component\System\Camera">
      <UniqueIdentifier>{d9d798bb-9133-4ad1-a7ef-7e13f5f8e8e1}</UniqueIdentifier>
    </Filter>
    <Filter Include="ヘッダー ファイル\Component\System\NotDraw">
      <UniqueIdentifier>{611122c5-60c2-490c-86e3-1d002294c612}</UniqueIdentifier>
    </Filter>
    <Filter Include="ヘッダー ファイル\Component\System\Base">
      <UniqueIdentifier>{91f7afd9-5b1b-4965-ab82-671b3cc799f9}</UniqueIdentifier>
    </Filter>
    <Filter Include="ヘッダー ファイル\Template">
      <UniqueIdentifier>{8ee8f135-a93d-4d63-ae0a-4cfe00d95926}</UniqueIdentifier>
    </Filter>
    <Filter Include="ヘッダー ファイル\Component\Script\Demo">
      <UniqueIdentifier>{a413b2d8-f83d-445b-9e4d-0e9d5b0e0a49}</UniqueIdentifier>
    </Filter>
    <Filter Include="ヘッダー ファイル\Component\Script\Demo\Demo_CollisionSplit">
      <UniqueIdentifier>{1a913d52-23f7-408b-8945-4b8374da91d7}</UniqueIdentifier>
    </Filter>
    <Filter Include="ヘッダー ファイル\Component\Script\Demo\Demo_Invoke">
      <UniqueIdentifier>{2cecee31-cc6d-4df8-a7a4-0f33fce3fb92}</UniqueIdentifier>
    </Filter>
    <Filter Include="ヘッダー ファイル\Scene\Demo">
      <UniqueIdentifier>{36114ae5-454c-45fb-bc9e-f61dbc98e613}</UniqueIdentifier>
    </Filter>
    <Filter Include="ヘッダー ファイル\Scene\BunBunSurvival">
      <UniqueIdentifier>{fc9d2c37-6a81-4c76-b8e4-4d08df6cc1cd}</UniqueIdentifier>
    </Filter>
    <Filter Include="ヘッダー ファイル\Component\Script\BunBunSurvival">
      <UniqueIdentifier>{6057b5e5-66db-4d78-bb1d-7c6ca1c59fdc}</UniqueIdentifier>
    </Filter>
    <Filter Include="ヘッダー ファイル\Component\Script\BunBunSurvival\DevelopLogo">
      <UniqueIdentifier>{70088021-e834-4e94-a2d6-fa4eb3d1e63d}</UniqueIdentifier>
    </Filter>
    <Filter Include="ソース ファイル\Component\Script\BunBunSurvival">
      <UniqueIdentifier>{fbd78b69-3776-4c50-9771-67cb2950f037}</UniqueIdentifier>
    </Filter>
    <Filter Include="ソース ファイル\Component\Script\BunBunSurvival\DevelopLogo">
      <UniqueIdentifier>{1599078b-c269-488e-9024-cce21210b370}</UniqueIdentifier>
    </Filter>
    <Filter Include="ヘッダー ファイル\Component\Script\BunBunSurvival\Game">
      <UniqueIdentifier>{95bdfc44-4c3a-4879-bf53-66715b556cbd}</UniqueIdentifier>
    </Filter>
    <Filter Include="ヘッダー ファイル\Component\Script\BunBunSurvival\Game\Enemy">
      <UniqueIdentifier>{fc0a877e-98a0-4f71-a44d-dd1df19c51a3}</UniqueIdentifier>
    </Filter>
    <Filter Include="ヘッダー ファイル\Component\Script\BunBunSurvival\Game\Player">
      <UniqueIdentifier>{8fac7e3d-b4ee-4996-8640-3d5282cfe36a}</UniqueIdentifier>
    </Filter>
    <Filter Include="ヘッダー ファイル\Component\Script\BunBunSurvival\Game\Player\ActionState">
      <UniqueIdentifier>{3b4ea3e0-476a-43be-acf9-2995e819088a}</UniqueIdentifier>
    </Filter>
    <Filter Include="ヘッダー ファイル\Component\Script\BunBunSurvival\Game\Player\InputListener">
      <UniqueIdentifier>{e09fad85-24cb-4546-8e7b-697ea54a5458}</UniqueIdentifier>
    </Filter>
    <Filter Include="ヘッダー ファイル\Component\Script\BunBunSurvival\Game\Player\AnimationState">
      <UniqueIdentifier>{d3af988f-9fbb-49c3-8d74-7c0c913af695}</UniqueIdentifier>
    </Filter>
    <Filter Include="ヘッダー ファイル\Component\Script\BunBunSurvival\Game\Enemy\Egg">
      <UniqueIdentifier>{d4939aa8-d021-4107-b331-6acac3a4eb41}</UniqueIdentifier>
    </Filter>
    <Filter Include="ヘッダー ファイル\Component\Script\BunBunSurvival\Game\Enemy\Chick">
      <UniqueIdentifier>{203f2cf7-81ab-4d2e-bc9a-10f801a538b9}</UniqueIdentifier>
    </Filter>
    <Filter Include="ヘッダー ファイル\Component\Script\BunBunSurvival\Game\Enemy\Chicken">
      <UniqueIdentifier>{d6da5444-c945-428b-9b07-f2176eb5af35}</UniqueIdentifier>
    </Filter>
    <Filter Include="ソース ファイル\Component\Script\BunBunSurvival\Game">
      <UniqueIdentifier>{775226f4-6ae9-4594-b16f-c023d0ba84fe}</UniqueIdentifier>
    </Filter>
    <Filter Include="ソース ファイル\Component\Script\BunBunSurvival\Game\Enemy">
      <UniqueIdentifier>{67a76bcf-cba5-4504-91b8-9ed76fa3d7dc}</UniqueIdentifier>
    </Filter>
    <Filter Include="ソース ファイル\Component\Script\BunBunSurvival\Game\Player">
      <UniqueIdentifier>{a75a9260-86d4-4184-9cfd-eecd857b447f}</UniqueIdentifier>
    </Filter>
    <Filter Include="ソース ファイル\Component\Script\BunBunSurvival\Game\Enemy\Egg">
      <UniqueIdentifier>{33dd1b8a-6365-4b10-ad9f-fd9f31c3d066}</UniqueIdentifier>
    </Filter>
    <Filter Include="ソース ファイル\Component\Script\BunBunSurvival\Game\Enemy\Chick">
      <UniqueIdentifier>{a44c4e2d-12ef-4274-9140-e4f0c9287285}</UniqueIdentifier>
    </Filter>
    <Filter Include="ソース ファイル\Component\Script\BunBunSurvival\Game\Enemy\Chicken">
      <UniqueIdentifier>{010dc5f0-8f97-4256-b5cd-7860a076b908}</UniqueIdentifier>
    </Filter>
    <Filter Include="ソース ファイル\Component\Script\BunBunSurvival\Game\Player\ActionState">
      <UniqueIdentifier>{45d462a0-8a0d-4231-a4a6-99cf0183eedb}</UniqueIdentifier>
    </Filter>
    <Filter Include="ソース ファイル\Component\Script\BunBunSurvival\Game\Player\InputListener">
      <UniqueIdentifier>{99b57d3f-e5ad-4472-825b-fcdecb01376c}</UniqueIdentifier>
    </Filter>
    <Filter Include="ソース ファイル\Component\Script\BunBunSurvival\Game\Player\AnimationState">
      <UniqueIdentifier>{66d11fbe-ec82-49dd-a512-b3f6ed07bbc4}</UniqueIdentifier>
    </Filter>
    <Filter Include="ソース ファイル\Component\Script\BunBunSurvival\Game\Player\ActionState\Roll">
      <UniqueIdentifier>{685e7d1d-aeb7-40d4-9792-b51028e0fcc2}</UniqueIdentifier>
    </Filter>
    <Filter Include="ソース ファイル\Component\Script\BunBunSurvival\Game\Player\AnimationState\Roll">
      <UniqueIdentifier>{7a15c91c-9f3f-4b49-b064-74e4006b89f2}</UniqueIdentifier>
    </Filter>
    <Filter Include="ヘッダー ファイル\Component\Script\BunBunSurvival\Game\Player\ActionState\Roll">
      <UniqueIdentifier>{df41758d-fa6a-450d-bed9-a30dda17657e}</UniqueIdentifier>
    </Filter>
    <Filter Include="ヘッダー ファイル\Component\Script\BunBunSurvival\Game\Player\AnimationState\Roll">
      <UniqueIdentifier>{ba1c5683-4769-4959-8389-4dec209e8ce5}</UniqueIdentifier>
    </Filter>
    <Filter Include="ヘッダー ファイル\Component\Script\BunBunSurvival\Game\Enemy\Egg\AiState">
      <UniqueIdentifier>{aa9d04af-13f8-4465-b95e-a9cb09fc0d61}</UniqueIdentifier>
    </Filter>
    <Filter Include="ヘッダー ファイル\Component\Script\BunBunSurvival\Game\Enemy\Egg\AnimationState">
      <UniqueIdentifier>{a16f61e2-8218-4035-9490-f1237db9b5d6}</UniqueIdentifier>
    </Filter>
    <Filter Include="ソース ファイル\Component\Script\BunBunSurvival\Game\Enemy\Egg\AiState">
      <UniqueIdentifier>{7c817479-5fc1-40cf-a24e-7e70b099723d}</UniqueIdentifier>
    </Filter>
    <Filter Include="ソース ファイル\Component\Script\BunBunSurvival\Game\Enemy\Egg\AnimationState">
      <UniqueIdentifier>{308e341d-088c-4764-8e78-f0f42e5cd39d}</UniqueIdentifier>
    </Filter>
  </ItemGroup>
  <ItemGroup>
    <FxCompile Include="hlsl\unlitTexturePS.hlsl">
      <Filter>シェーダー ファイル</Filter>
    </FxCompile>
    <FxCompile Include="hlsl\unlitTextureVS.hlsl">
      <Filter>シェーダー ファイル</Filter>
    </FxCompile>
    <FxCompile Include="hlsl\vertexLightingPS.hlsl">
      <Filter>シェーダー ファイル</Filter>
    </FxCompile>
    <FxCompile Include="hlsl\vertexLightingVS.hlsl">
      <Filter>シェーダー ファイル</Filter>
    </FxCompile>
    <FxCompile Include="hlsl\common.hlsl">
      <Filter>シェーダー ファイル</Filter>
    </FxCompile>
    <FxCompile Include="hlsl\debugLinePS.hlsl">
      <Filter>シェーダー ファイル</Filter>
    </FxCompile>
    <FxCompile Include="hlsl\debugLineVS.hlsl">
      <Filter>シェーダー ファイル</Filter>
    </FxCompile>
    <FxCompile Include="hlsl\gpuParticlePS.hlsl">
      <Filter>シェーダー ファイル</Filter>
    </FxCompile>
    <FxCompile Include="hlsl\gpuParticleVS.hlsl">
      <Filter>シェーダー ファイル</Filter>
    </FxCompile>
    <FxCompile Include="hlsl\gpuParticleCS.hlsl">
      <Filter>シェーダー ファイル</Filter>
    </FxCompile>
    <FxCompile Include="hlsl\toonPS.hlsl">
      <Filter>シェーダー ファイル</Filter>
    </FxCompile>
    <FxCompile Include="hlsl\toonVS.hlsl">
      <Filter>シェーダー ファイル</Filter>
    </FxCompile>
  </ItemGroup>
  <ItemGroup>
    <ClInclude Include="source\audio.h">
      <Filter>ヘッダー ファイル\Common</Filter>
    </ClInclude>
    <ClInclude Include="source\callbackListner.h">
      <Filter>ヘッダー ファイル\Common</Filter>
    </ClInclude>
    <ClInclude Include="source\gameObject.h">
      <Filter>ヘッダー ファイル\Common</Filter>
    </ClInclude>
    <ClInclude Include="source\model.h">
      <Filter>ヘッダー ファイル\Common</Filter>
    </ClInclude>
    <ClInclude Include="source\savedata.h">
      <Filter>ヘッダー ファイル\Common</Filter>
    </ClInclude>
    <ClInclude Include="source\scene.h">
      <Filter>ヘッダー ファイル\Common</Filter>
    </ClInclude>
    <ClInclude Include="source\texture.h">
      <Filter>ヘッダー ファイル\Common</Filter>
    </ClInclude>
    <ClInclude Include="source\treeCell.h">
      <Filter>ヘッダー ファイル\Common</Filter>
    </ClInclude>
    <ClInclude Include="source\debugWindow.h">
      <Filter>ヘッダー ファイル\Common\Debug</Filter>
    </ClInclude>
    <ClInclude Include="source\debugWindow_Hierarchy.h">
      <Filter>ヘッダー ファイル\Common\Debug</Filter>
    </ClInclude>
    <ClInclude Include="source\plate2dBlur.h">
      <Filter>ヘッダー ファイル\Component\System\Draw2D</Filter>
    </ClInclude>
    <ClInclude Include="source\plate2dRenderer.h">
      <Filter>ヘッダー ファイル\Component\System\Draw2D</Filter>
    </ClInclude>
    <ClInclude Include="source\modelRenderer.h">
      <Filter>ヘッダー ファイル\Component\System\Draw3D</Filter>
    </ClInclude>
    <ClInclude Include="source\plate3dRenderer.h">
      <Filter>ヘッダー ファイル\Component\System\Draw3D</Filter>
    </ClInclude>
    <ClInclude Include="source\blinkImage.h">
      <Filter>ヘッダー ファイル\Component\Script</Filter>
    </ClInclude>
    <ClInclude Include="source\debugCameraControl.h">
      <Filter>ヘッダー ファイル\Component\Script\Debug</Filter>
    </ClInclude>
    <ClInclude Include="source\testScript.h">
      <Filter>ヘッダー ファイル\Component\Script\Debug</Filter>
    </ClInclude>
    <ClInclude Include="source\testScript2.h">
      <Filter>ヘッダー ファイル\Component\Script\Debug</Filter>
    </ClInclude>
    <ClInclude Include="source\main.h">
      <Filter>ヘッダー ファイル</Filter>
    </ClInclude>
    <ClInclude Include="source\debugConsole.h">
      <Filter>ヘッダー ファイル\Static\Debug</Filter>
    </ClInclude>
    <ClInclude Include="source\debugManager.h">
      <Filter>ヘッダー ファイル\Static\Debug</Filter>
    </ClInclude>
    <ClInclude Include="source\imconfig.h">
      <Filter>外部 ファイル\ImGui</Filter>
    </ClInclude>
    <ClInclude Include="source\imgui.h">
      <Filter>外部 ファイル\ImGui</Filter>
    </ClInclude>
    <ClInclude Include="source\imgui_impl_dx11.h">
      <Filter>外部 ファイル\ImGui</Filter>
    </ClInclude>
    <ClInclude Include="source\imgui_impl_win32.h">
      <Filter>外部 ファイル\ImGui</Filter>
    </ClInclude>
    <ClInclude Include="source\imgui_internal.h">
      <Filter>外部 ファイル\ImGui</Filter>
    </ClInclude>
    <ClInclude Include="source\imstb_rectpack.h">
      <Filter>外部 ファイル\ImGui</Filter>
    </ClInclude>
    <ClInclude Include="source\imstb_textedit.h">
      <Filter>外部 ファイル\ImGui</Filter>
    </ClInclude>
    <ClInclude Include="source\imstb_truetype.h">
      <Filter>外部 ファイル\ImGui</Filter>
    </ClInclude>
    <ClInclude Include="source\particleSystem.h">
      <Filter>ヘッダー ファイル\Component\System\Draw3D</Filter>
    </ClInclude>
    <ClInclude Include="source\particleEmitChecker.h">
      <Filter>ヘッダー ファイル\Component\System\Draw3D</Filter>
    </ClInclude>
    <ClInclude Include="source\debugWindow_ObjectInspector.h">
      <Filter>ヘッダー ファイル\Common\Debug</Filter>
    </ClInclude>
    <ClInclude Include="source\testInvoke.h">
      <Filter>ヘッダー ファイル\Component\Script\Demo\Demo_Invoke</Filter>
    </ClInclude>
    <ClInclude Include="source\testMove.h">
      <Filter>ヘッダー ファイル\Component\Script\Demo\Demo_CollisionSplit</Filter>
    </ClInclude>
    <ClInclude Include="source\modelContainer.h">
      <Filter>ヘッダー ファイル\Static\Container</Filter>
    </ClInclude>
    <ClInclude Include="source\audioContainer.h">
      <Filter>ヘッダー ファイル\Static\Container</Filter>
    </ClInclude>
    <ClInclude Include="source\textureContainer.h">
      <Filter>ヘッダー ファイル\Static\Container</Filter>
    </ClInclude>
    <ClInclude Include="source\input.h">
      <Filter>ヘッダー ファイル\Static\ConvenientClass</Filter>
    </ClInclude>
    <ClInclude Include="source\math.h">
      <Filter>ヘッダー ファイル\Static\ConvenientClass</Filter>
    </ClInclude>
    <ClInclude Include="source\time.h">
      <Filter>ヘッダー ファイル\Static\ConvenientClass</Filter>
    </ClInclude>
    <ClInclude Include="source\uniqueNamingSystem.h">
      <Filter>ヘッダー ファイル\Static\ConvenientClass</Filter>
    </ClInclude>
    <ClInclude Include="source\DirectWrite.h">
      <Filter>ヘッダー ファイル\Static\ConvenientClass</Filter>
    </ClInclude>
    <ClInclude Include="source\encryptionSystem.h">
      <Filter>ヘッダー ファイル\Static\ConvenientClass</Filter>
    </ClInclude>
    <ClInclude Include="source\skyDome.h">
      <Filter>ヘッダー ファイル\Static</Filter>
    </ClInclude>
    <ClInclude Include="source\transition.h">
      <Filter>ヘッダー ファイル\Static</Filter>
    </ClInclude>
    <ClInclude Include="source\collision3dManager.h">
      <Filter>ヘッダー ファイル\Static\Manager</Filter>
    </ClInclude>
    <ClInclude Include="source\manager.h">
      <Filter>ヘッダー ファイル\Static\Manager</Filter>
    </ClInclude>
    <ClInclude Include="source\renderer.h">
      <Filter>ヘッダー ファイル\Static\Manager</Filter>
    </ClInclude>
    <ClInclude Include="source\savedataManager.h">
      <Filter>ヘッダー ファイル\Static\Manager</Filter>
    </ClInclude>
    <ClInclude Include="source\cameraComponent.h">
      <Filter>ヘッダー ファイル\Component\System\Base</Filter>
    </ClInclude>
    <ClInclude Include="source\draw2dComponent.h">
      <Filter>ヘッダー ファイル\Component\System\Base</Filter>
    </ClInclude>
    <ClInclude Include="source\draw3dComponent.h">
      <Filter>ヘッダー ファイル\Component\System\Base</Filter>
    </ClInclude>
    <ClInclude Include="source\notDrawComponent.h">
      <Filter>ヘッダー ファイル\Component\System\Base</Filter>
    </ClInclude>
    <ClInclude Include="source\aabbCollider3d.h">
      <Filter>ヘッダー ファイル\Component\System\Draw3D</Filter>
    </ClInclude>
    <ClInclude Include="source\capsuleCollider3d.h">
      <Filter>ヘッダー ファイル\Component\System\Draw3D</Filter>
    </ClInclude>
    <ClInclude Include="source\collider3d.h">
      <Filter>ヘッダー ファイル\Component\System\Draw3D</Filter>
    </ClInclude>
    <ClInclude Include="source\obbCollider3d.h">
      <Filter>ヘッダー ファイル\Component\System\Draw3D</Filter>
    </ClInclude>
    <ClInclude Include="source\sphereCollider3d.h">
      <Filter>ヘッダー ファイル\Component\System\Draw3D</Filter>
    </ClInclude>
    <ClInclude Include="source\audioSpeaker.h">
      <Filter>ヘッダー ファイル\Component\System\NotDraw</Filter>
    </ClInclude>
    <ClInclude Include="source\textureAnimation.h">
      <Filter>ヘッダー ファイル\Component\System\NotDraw</Filter>
    </ClInclude>
    <ClInclude Include="source\thirdPersonCamera.h">
      <Filter>ヘッダー ファイル\Component\System\Camera</Filter>
    </ClInclude>
    <ClInclude Include="source\camera.h">
      <Filter>ヘッダー ファイル\Component\System\Camera</Filter>
    </ClInclude>
    <ClInclude Include="source\firstPersonCamera.h">
      <Filter>ヘッダー ファイル\Component\System\Camera</Filter>
    </ClInclude>
    <ClInclude Include="source\personCamera.h">
      <Filter>ヘッダー ファイル\Component\System\Camera</Filter>
    </ClInclude>
    <ClInclude Include="source\testCallback_Call.h">
      <Filter>ヘッダー ファイル\Component\Script\Debug</Filter>
    </ClInclude>
    <ClInclude Include="source\testCallback_Func.h">
      <Filter>ヘッダー ファイル\Component\Script\Debug</Filter>
    </ClInclude>
    <ClInclude Include="source\component.h">
      <Filter>ヘッダー ファイル\Component\System</Filter>
    </ClInclude>
    <ClInclude Include="source\templateScript.h">
      <Filter>ヘッダー ファイル\Template</Filter>
    </ClInclude>
    <ClInclude Include="source\templateScene.h">
      <Filter>ヘッダー ファイル\Template</Filter>
    </ClInclude>
    <ClInclude Include="source\debugWindow_SceneInspector.h">
      <Filter>ヘッダー ファイル\Common\Debug</Filter>
    </ClInclude>
    <ClInclude Include="source\collisionContactRecorder.h">
      <Filter>ヘッダー ファイル\Component\System\NotDraw</Filter>
    </ClInclude>
    <ClInclude Include="source\developLogo.h">
      <Filter>ヘッダー ファイル\Scene\BunBunSurvival</Filter>
    </ClInclude>
    <ClInclude Include="source\developLogoManager.h">
      <Filter>ヘッダー ファイル\Component\Script\BunBunSurvival\DevelopLogo</Filter>
    </ClInclude>
    <ClInclude Include="source\title.h">
      <Filter>ヘッダー ファイル\Scene\BunBunSurvival</Filter>
    </ClInclude>
    <ClInclude Include="source\callbackTest.h">
      <Filter>ヘッダー ファイル\Scene\Demo</Filter>
    </ClInclude>
    <ClInclude Include="source\demo_CollisionSplit.h">
      <Filter>ヘッダー ファイル\Scene\Demo</Filter>
    </ClInclude>
    <ClInclude Include="source\demo_GpuParticle.h">
      <Filter>ヘッダー ファイル\Scene\Demo</Filter>
    </ClInclude>
    <ClInclude Include="source\demo_Invoke.h">
      <Filter>ヘッダー ファイル\Scene\Demo</Filter>
    </ClInclude>
    <ClInclude Include="source\demo_Parent.h">
      <Filter>ヘッダー ファイル\Scene\Demo</Filter>
    </ClInclude>
    <ClInclude Include="source\demo_StreamingAudio.h">
      <Filter>ヘッダー ファイル\Scene\Demo</Filter>
    </ClInclude>
    <ClInclude Include="source\photonTest.h">
      <Filter>ヘッダー ファイル\Static</Filter>
    </ClInclude>
    <ClInclude Include="source\collisionContactRecorder_EnemyAttack.h">
      <Filter>ヘッダー ファイル\Component\Script\BunBunSurvival\Game\Enemy</Filter>
    </ClInclude>
    <ClInclude Include="source\collisionContactRecorder_PlayerAttack.h">
      <Filter>ヘッダー ファイル\Component\Script\BunBunSurvival\Game\Player</Filter>
    </ClInclude>
    <ClInclude Include="source\collisionContactRecorder_PlayerGround.h">
      <Filter>ヘッダー ファイル\Component\Script\BunBunSurvival\Game\Player</Filter>
    </ClInclude>
    <ClInclude Include="source\eggEnemyAnimationState_Approach.h">
      <Filter>ヘッダー ファイル\Component\Script\BunBunSurvival\Game\Enemy\Egg\AnimationState</Filter>
    </ClInclude>
    <ClInclude Include="source\eggEnemyAnimationState_Find.h">
      <Filter>ヘッダー ファイル\Component\Script\BunBunSurvival\Game\Enemy\Egg\AnimationState</Filter>
    </ClInclude>
    <ClInclude Include="source\eggEnemyAnimationState_HeadAttack.h">
      <Filter>ヘッダー ファイル\Component\Script\BunBunSurvival\Game\Enemy\Egg\AnimationState</Filter>
    </ClInclude>
    <ClInclude Include="source\eggEnemyAnimationState_KnockBack.h">
      <Filter>ヘッダー ファイル\Component\Script\BunBunSurvival\Game\Enemy\Egg\AnimationState</Filter>
    </ClInclude>
    <ClInclude Include="source\eggEnemyAnimationState_None.h">
      <Filter>ヘッダー ファイル\Component\Script\BunBunSurvival\Game\Enemy\Egg\AnimationState</Filter>
    </ClInclude>
    <ClInclude Include="source\eggEnemyAnimationState_Wince.h">
      <Filter>ヘッダー ファイル\Component\Script\BunBunSurvival\Game\Enemy\Egg\AnimationState</Filter>
    </ClInclude>
    <ClInclude Include="source\eggEnemyAnimationStateBase.h">
      <Filter>ヘッダー ファイル\Component\Script\BunBunSurvival\Game\Enemy\Egg\AnimationState</Filter>
    </ClInclude>
    <ClInclude Include="source\eggEnemyState_Approach.h">
      <Filter>ヘッダー ファイル\Component\Script\BunBunSurvival\Game\Enemy\Egg\AiState</Filter>
    </ClInclude>
    <ClInclude Include="source\eggEnemyState_Death.h">
      <Filter>ヘッダー ファイル\Component\Script\BunBunSurvival\Game\Enemy\Egg\AiState</Filter>
    </ClInclude>
    <ClInclude Include="source\eggEnemyState_Find.h">
      <Filter>ヘッダー ファイル\Component\Script\BunBunSurvival\Game\Enemy\Egg\AiState</Filter>
    </ClInclude>
    <ClInclude Include="source\eggEnemyState_HeadAttack.h">
      <Filter>ヘッダー ファイル\Component\Script\BunBunSurvival\Game\Enemy\Egg\AiState</Filter>
    </ClInclude>
    <ClInclude Include="source\eggEnemyState_KnockBack.h">
      <Filter>ヘッダー ファイル\Component\Script\BunBunSurvival\Game\Enemy\Egg\AiState</Filter>
    </ClInclude>
    <ClInclude Include="source\eggEnemyState_Search.h">
      <Filter>ヘッダー ファイル\Component\Script\BunBunSurvival\Game\Enemy\Egg\AiState</Filter>
    </ClInclude>
    <ClInclude Include="source\eggEnemyState_Stick.h">
      <Filter>ヘッダー ファイル\Component\Script\BunBunSurvival\Game\Enemy\Egg\AiState</Filter>
    </ClInclude>
    <ClInclude Include="source\eggEnemyState_Wince.h">
      <Filter>ヘッダー ファイル\Component\Script\BunBunSurvival\Game\Enemy\Egg\AiState</Filter>
    </ClInclude>
    <ClInclude Include="source\eggEnemyStateBase.h">
      <Filter>ヘッダー ファイル\Component\Script\BunBunSurvival\Game\Enemy\Egg\AiState</Filter>
    </ClInclude>
    <ClInclude Include="source\eggEnemyManager.h">
      <Filter>ヘッダー ファイル\Component\Script\BunBunSurvival\Game\Enemy\Egg</Filter>
    </ClInclude>
    <ClInclude Include="source\enemyAnimationStateBase.h">
      <Filter>ヘッダー ファイル\Component\Script\BunBunSurvival\Game\Enemy</Filter>
    </ClInclude>
    <ClInclude Include="source\enemyManager.h">
      <Filter>ヘッダー ファイル\Component\Script\BunBunSurvival\Game\Enemy</Filter>
    </ClInclude>
    <ClInclude Include="source\enemyStateBase.h">
      <Filter>ヘッダー ファイル\Component\Script\BunBunSurvival\Game\Enemy</Filter>
    </ClInclude>
    <ClInclude Include="source\playerActionState_Avoid.h">
      <Filter>ヘッダー ファイル\Component\Script\BunBunSurvival\Game\Player\ActionState</Filter>
    </ClInclude>
    <ClInclude Include="source\playerActionState_Dash.h">
      <Filter>ヘッダー ファイル\Component\Script\BunBunSurvival\Game\Player\ActionState</Filter>
    </ClInclude>
    <ClInclude Include="source\playerActionState_None.h">
      <Filter>ヘッダー ファイル\Component\Script\BunBunSurvival\Game\Player\ActionState</Filter>
    </ClInclude>
    <ClInclude Include="source\playerActionState_Turn.h">
      <Filter>ヘッダー ファイル\Component\Script\BunBunSurvival\Game\Player\ActionState</Filter>
    </ClInclude>
    <ClInclude Include="source\playerActionState_WeaponDeformation.h">
      <Filter>ヘッダー ファイル\Component\Script\BunBunSurvival\Game\Player\ActionState</Filter>
    </ClInclude>
    <ClInclude Include="source\playerActionStateBase.h">
      <Filter>ヘッダー ファイル\Component\Script\BunBunSurvival\Game\Player\ActionState</Filter>
    </ClInclude>
    <ClInclude Include="source\playerActionState_Roll_Left.h">
      <Filter>ヘッダー ファイル\Component\Script\BunBunSurvival\Game\Player\ActionState\Roll</Filter>
    </ClInclude>
    <ClInclude Include="source\playerActionState_Roll_Right.h">
      <Filter>ヘッダー ファイル\Component\Script\BunBunSurvival\Game\Player\ActionState\Roll</Filter>
    </ClInclude>
    <ClInclude Include="source\playerActionState_Roll.h">
      <Filter>ヘッダー ファイル\Component\Script\BunBunSurvival\Game\Player\ActionState\Roll</Filter>
    </ClInclude>
    <ClInclude Include="source\playerAnimationState_None_Gun.h">
      <Filter>ヘッダー ファイル\Component\Script\BunBunSurvival\Game\Player\AnimationState</Filter>
    </ClInclude>
    <ClInclude Include="source\playerAnimationState_None_Rod.h">
      <Filter>ヘッダー ファイル\Component\Script\BunBunSurvival\Game\Player\AnimationState</Filter>
    </ClInclude>
    <ClInclude Include="source\playerAnimationState_WeaponDeformation_Gun.h">
      <Filter>ヘッダー ファイル\Component\Script\BunBunSurvival\Game\Player\AnimationState</Filter>
    </ClInclude>
    <ClInclude Include="source\playerAnimationState_WeaponDeformation_Rod.h">
      <Filter>ヘッダー ファイル\Component\Script\BunBunSurvival\Game\Player\AnimationState</Filter>
    </ClInclude>
    <ClInclude Include="source\playerAnimationStateBase.h">
      <Filter>ヘッダー ファイル\Component\Script\BunBunSurvival\Game\Player\AnimationState</Filter>
    </ClInclude>
    <ClInclude Include="source\playerAnimationState_Roll.h">
      <Filter>ヘッダー ファイル\Component\Script\BunBunSurvival\Game\Player\AnimationState\Roll</Filter>
    </ClInclude>
    <ClInclude Include="source\playerAnimationState_Roll_Left.h">
      <Filter>ヘッダー ファイル\Component\Script\BunBunSurvival\Game\Player\AnimationState\Roll</Filter>
    </ClInclude>
    <ClInclude Include="source\playerAnimationState_Roll_Right.h">
      <Filter>ヘッダー ファイル\Component\Script\BunBunSurvival\Game\Player\AnimationState\Roll</Filter>
    </ClInclude>
    <ClInclude Include="source\playerInputListener.h">
      <Filter>ヘッダー ファイル\Component\Script\BunBunSurvival\Game\Player\InputListener</Filter>
    </ClInclude>
    <ClInclude Include="source\playerInputListener_Controller.h">
      <Filter>ヘッダー ファイル\Component\Script\BunBunSurvival\Game\Player\InputListener</Filter>
    </ClInclude>
    <ClInclude Include="source\playerInputListener_MouseKeyboard.h">
      <Filter>ヘッダー ファイル\Component\Script\BunBunSurvival\Game\Player\InputListener</Filter>
    </ClInclude>
    <ClInclude Include="source\playerManager.h">
      <Filter>ヘッダー ファイル\Component\Script\BunBunSurvival\Game\Player</Filter>
    </ClInclude>
    <ClInclude Include="source\playerHpManager.h">
      <Filter>ヘッダー ファイル\Component\Script\BunBunSurvival\Game\Player</Filter>
    </ClInclude>
    <ClInclude Include="source\gameTest.h">
      <Filter>ヘッダー ファイル\Scene\BunBunSurvival</Filter>
    </ClInclude>
    <ClInclude Include="source\singleton.h">
      <Filter>ヘッダー ファイル\Static</Filter>
    </ClInclude>
  </ItemGroup>
  <ItemGroup>
    <ClCompile Include="source\audio.cpp">
      <Filter>ソース ファイル\Common</Filter>
    </ClCompile>
    <ClCompile Include="source\gameObject.cpp">
      <Filter>ソース ファイル\Common</Filter>
    </ClCompile>
    <ClCompile Include="source\model.cpp">
      <Filter>ソース ファイル\Common</Filter>
    </ClCompile>
    <ClCompile Include="source\scene.cpp">
      <Filter>ソース ファイル\Common</Filter>
    </ClCompile>
    <ClCompile Include="source\texture.cpp">
      <Filter>ソース ファイル\Common</Filter>
    </ClCompile>
    <ClCompile Include="source\plate2dBlur.cpp">
      <Filter>ソース ファイル\Component\System\Draw2D</Filter>
    </ClCompile>
    <ClCompile Include="source\modelRenderer.cpp">
      <Filter>ソース ファイル\Component\System\Draw3D</Filter>
    </ClCompile>
    <ClCompile Include="source\blinkImage.cpp">
      <Filter>ソース ファイル\Component\Script</Filter>
    </ClCompile>
    <ClCompile Include="source\debugCameraControl.cpp">
      <Filter>ソース ファイル\Component\Script\Debug</Filter>
    </ClCompile>
    <ClCompile Include="source\testScript.cpp">
      <Filter>ソース ファイル\Component\Script\Debug</Filter>
    </ClCompile>
    <ClCompile Include="source\testScript2.cpp">
      <Filter>ソース ファイル\Component\Script\Debug</Filter>
    </ClCompile>
    <ClCompile Include="source\main.cpp">
      <Filter>ソース ファイル</Filter>
    </ClCompile>
    <ClCompile Include="source\skyDome.cpp">
      <Filter>ソース ファイル\Static</Filter>
    </ClCompile>
    <ClCompile Include="source\transition.cpp">
      <Filter>ソース ファイル\Static</Filter>
    </ClCompile>
    <ClCompile Include="source\debugConsole.cpp">
      <Filter>ソース ファイル\Static\Debug</Filter>
    </ClCompile>
    <ClCompile Include="source\debugManager.cpp">
      <Filter>ソース ファイル\Static\Debug</Filter>
    </ClCompile>
    <ClCompile Include="source\imgui.cpp">
      <Filter>外部 ファイル\ImGui</Filter>
    </ClCompile>
    <ClCompile Include="source\imgui_demo.cpp">
      <Filter>外部 ファイル\ImGui</Filter>
    </ClCompile>
    <ClCompile Include="source\imgui_draw.cpp">
      <Filter>外部 ファイル\ImGui</Filter>
    </ClCompile>
    <ClCompile Include="source\imgui_impl_dx11.cpp">
      <Filter>外部 ファイル\ImGui</Filter>
    </ClCompile>
    <ClCompile Include="source\imgui_impl_win32.cpp">
      <Filter>外部 ファイル\ImGui</Filter>
    </ClCompile>
    <ClCompile Include="source\imgui_tables.cpp">
      <Filter>外部 ファイル\ImGui</Filter>
    </ClCompile>
    <ClCompile Include="source\imgui_widgets.cpp">
      <Filter>外部 ファイル\ImGui</Filter>
    </ClCompile>
    <ClCompile Include="source\particleSystem.cpp">
      <Filter>ソース ファイル\Component\System\Draw3D</Filter>
    </ClCompile>
    <ClCompile Include="source\testInvoke.cpp">
      <Filter>ソース ファイル\Component\Script\Demo_Invoke</Filter>
    </ClCompile>
    <ClCompile Include="source\testMove.cpp">
      <Filter>ソース ファイル\Component\Script\Demo_CollisionSplit</Filter>
    </ClCompile>
    <ClCompile Include="source\audioContainer.cpp">
      <Filter>ソース ファイル\Static\Container</Filter>
    </ClCompile>
    <ClCompile Include="source\modelContainer.cpp">
      <Filter>ソース ファイル\Static\Container</Filter>
    </ClCompile>
    <ClCompile Include="source\textureContainer.cpp">
      <Filter>ソース ファイル\Static\Container</Filter>
    </ClCompile>
    <ClCompile Include="source\DirectWrite.cpp">
      <Filter>ソース ファイル\Static\ConvenientClass</Filter>
    </ClCompile>
    <ClCompile Include="source\encryptionSystem.cpp">
      <Filter>ソース ファイル\Static\ConvenientClass</Filter>
    </ClCompile>
    <ClCompile Include="source\input.cpp">
      <Filter>ソース ファイル\Static\ConvenientClass</Filter>
    </ClCompile>
    <ClCompile Include="source\math.cpp">
      <Filter>ソース ファイル\Static\ConvenientClass</Filter>
    </ClCompile>
    <ClCompile Include="source\time.cpp">
      <Filter>ソース ファイル\Static\ConvenientClass</Filter>
    </ClCompile>
    <ClCompile Include="source\uniqueNamingSystem.cpp">
      <Filter>ソース ファイル\Static\ConvenientClass</Filter>
    </ClCompile>
    <ClCompile Include="source\collision3dManager.cpp">
      <Filter>ソース ファイル\Static\Manager</Filter>
    </ClCompile>
    <ClCompile Include="source\manager.cpp">
      <Filter>ソース ファイル\Static\Manager</Filter>
    </ClCompile>
    <ClCompile Include="source\renderer.cpp">
      <Filter>ソース ファイル\Static\Manager</Filter>
    </ClCompile>
    <ClCompile Include="source\savedataManager.cpp">
      <Filter>ソース ファイル\Static\Manager</Filter>
    </ClCompile>
    <ClCompile Include="source\plate3dRenderer.cpp">
      <Filter>ソース ファイル\Component\System\Draw3D</Filter>
    </ClCompile>
    <ClCompile Include="source\plate2dRenderer.cpp">
      <Filter>ソース ファイル\Component\System\Draw2D</Filter>
    </ClCompile>
    <ClCompile Include="source\debugWindow_Hierarchy.cpp">
      <Filter>ソース ファイル\Common\Debug</Filter>
    </ClCompile>
    <ClCompile Include="source\debugWindow_ObjectInspector.cpp">
      <Filter>ソース ファイル\Common\Debug</Filter>
    </ClCompile>
    <ClCompile Include="source\cameraComponent.cpp">
      <Filter>ソース ファイル\Component\System\Base</Filter>
    </ClCompile>
    <ClCompile Include="source\draw2dComponent.cpp">
      <Filter>ソース ファイル\Component\System\Base</Filter>
    </ClCompile>
    <ClCompile Include="source\draw3dComponent.cpp">
      <Filter>ソース ファイル\Component\System\Base</Filter>
    </ClCompile>
    <ClCompile Include="source\notDrawComponent.cpp">
      <Filter>ソース ファイル\Component\System\Base</Filter>
    </ClCompile>
    <ClCompile Include="source\aabbCollider3d.cpp">
      <Filter>ソース ファイル\Component\System\Draw3D</Filter>
    </ClCompile>
    <ClCompile Include="source\capsuleCollider3d.cpp">
      <Filter>ソース ファイル\Component\System\Draw3D</Filter>
    </ClCompile>
    <ClCompile Include="source\collider3d.cpp">
      <Filter>ソース ファイル\Component\System\Draw3D</Filter>
    </ClCompile>
    <ClCompile Include="source\obbCollider3d.cpp">
      <Filter>ソース ファイル\Component\System\Draw3D</Filter>
    </ClCompile>
    <ClCompile Include="source\sphereCollider3d.cpp">
      <Filter>ソース ファイル\Component\System\Draw3D</Filter>
    </ClCompile>
    <ClCompile Include="source\audioSpeaker.cpp">
      <Filter>ソース ファイル\Component\System\NotDraw</Filter>
    </ClCompile>
    <ClCompile Include="source\textureAnimation.cpp">
      <Filter>ソース ファイル\Component\System\NotDraw</Filter>
    </ClCompile>
    <ClCompile Include="source\camera.cpp">
      <Filter>ソース ファイル\Component\System\Camera</Filter>
    </ClCompile>
    <ClCompile Include="source\firstPersonCamera.cpp">
      <Filter>ソース ファイル\Component\System\Camera</Filter>
    </ClCompile>
    <ClCompile Include="source\personCamera.cpp">
      <Filter>ソース ファイル\Component\System\Camera</Filter>
    </ClCompile>
    <ClCompile Include="source\thirdPersonCamera.cpp">
      <Filter>ソース ファイル\Component\System\Camera</Filter>
    </ClCompile>
    <ClCompile Include="source\testCallback_Call.cpp">
      <Filter>ソース ファイル\Component\Script\Debug</Filter>
    </ClCompile>
    <ClCompile Include="source\testCallback_Func.cpp">
      <Filter>ソース ファイル\Component\Script\Debug</Filter>
    </ClCompile>
    <ClCompile Include="source\component.cpp">
      <Filter>ソース ファイル\Component\System</Filter>
    </ClCompile>
    <ClCompile Include="source\debugWindow_SceneInspector.cpp">
      <Filter>ソース ファイル\Common\Debug</Filter>
    </ClCompile>
    <ClCompile Include="source\developLogoManager.cpp">
      <Filter>ソース ファイル\Component\Script\BunBunSurvival\DevelopLogo</Filter>
    </ClCompile>
    <ClCompile Include="source\photonTest.cpp">
      <Filter>ソース ファイル\Static</Filter>
    </ClCompile>
    <ClCompile Include="source\eggEnemyAnimationState_Approach.cpp">
      <Filter>ソース ファイル\Component\Script\BunBunSurvival\Game\Enemy\Egg\AnimationState</Filter>
    </ClCompile>
    <ClCompile Include="source\eggEnemyAnimationState_Find.cpp">
      <Filter>ソース ファイル\Component\Script\BunBunSurvival\Game\Enemy\Egg\AnimationState</Filter>
    </ClCompile>
    <ClCompile Include="source\eggEnemyAnimationState_HeadAttack.cpp">
      <Filter>ソース ファイル\Component\Script\BunBunSurvival\Game\Enemy\Egg\AnimationState</Filter>
    </ClCompile>
    <ClCompile Include="source\eggEnemyAnimationState_KnockBack.cpp">
      <Filter>ソース ファイル\Component\Script\BunBunSurvival\Game\Enemy\Egg\AnimationState</Filter>
    </ClCompile>
    <ClCompile Include="source\eggEnemyAnimationState_None.cpp">
      <Filter>ソース ファイル\Component\Script\BunBunSurvival\Game\Enemy\Egg\AnimationState</Filter>
    </ClCompile>
    <ClCompile Include="source\eggEnemyAnimationState_Wince.cpp">
      <Filter>ソース ファイル\Component\Script\BunBunSurvival\Game\Enemy\Egg\AnimationState</Filter>
    </ClCompile>
    <ClCompile Include="source\eggEnemyManager.cpp">
      <Filter>ソース ファイル\Component\Script\BunBunSurvival\Game\Enemy\Egg</Filter>
    </ClCompile>
    <ClCompile Include="source\eggEnemyState_Approach.cpp">
      <Filter>ソース ファイル\Component\Script\BunBunSurvival\Game\Enemy\Egg\AiState</Filter>
    </ClCompile>
    <ClCompile Include="source\eggEnemyState_Death.cpp">
      <Filter>ソース ファイル\Component\Script\BunBunSurvival\Game\Enemy\Egg\AiState</Filter>
    </ClCompile>
    <ClCompile Include="source\eggEnemyState_Find.cpp">
      <Filter>ソース ファイル\Component\Script\BunBunSurvival\Game\Enemy\Egg\AiState</Filter>
    </ClCompile>
    <ClCompile Include="source\eggEnemyState_HeadAttack.cpp">
      <Filter>ソース ファイル\Component\Script\BunBunSurvival\Game\Enemy\Egg\AiState</Filter>
    </ClCompile>
    <ClCompile Include="source\eggEnemyState_KnockBack.cpp">
      <Filter>ソース ファイル\Component\Script\BunBunSurvival\Game\Enemy\Egg\AiState</Filter>
    </ClCompile>
    <ClCompile Include="source\eggEnemyState_Search.cpp">
      <Filter>ソース ファイル\Component\Script\BunBunSurvival\Game\Enemy\Egg\AiState</Filter>
    </ClCompile>
    <ClCompile Include="source\eggEnemyState_Stick.cpp">
      <Filter>ソース ファイル\Component\Script\BunBunSurvival\Game\Enemy\Egg\AiState</Filter>
    </ClCompile>
    <ClCompile Include="source\eggEnemyState_Wince.cpp">
      <Filter>ソース ファイル\Component\Script\BunBunSurvival\Game\Enemy\Egg\AiState</Filter>
    </ClCompile>
    <ClCompile Include="source\enemyStateBase.cpp">
      <Filter>ソース ファイル\Component\Script\BunBunSurvival\Game\Enemy</Filter>
    </ClCompile>
    <ClCompile Include="source\enemyAnimationStateBase.cpp">
      <Filter>ソース ファイル\Component\Script\BunBunSurvival\Game\Enemy</Filter>
    </ClCompile>
    <ClCompile Include="source\playerActionState_Roll.cpp">
      <Filter>ソース ファイル\Component\Script\BunBunSurvival\Game\Player\ActionState\Roll</Filter>
    </ClCompile>
    <ClCompile Include="source\playerActionState_Roll_Left.cpp">
      <Filter>ソース ファイル\Component\Script\BunBunSurvival\Game\Player\ActionState\Roll</Filter>
    </ClCompile>
    <ClCompile Include="source\playerActionState_Roll_Right.cpp">
      <Filter>ソース ファイル\Component\Script\BunBunSurvival\Game\Player\ActionState\Roll</Filter>
    </ClCompile>
    <ClCompile Include="source\playerActionState_Avoid.cpp">
      <Filter>ソース ファイル\Component\Script\BunBunSurvival\Game\Player\ActionState</Filter>
    </ClCompile>
    <ClCompile Include="source\playerActionState_Dash.cpp">
      <Filter>ソース ファイル\Component\Script\BunBunSurvival\Game\Player\ActionState</Filter>
    </ClCompile>
    <ClCompile Include="source\playerActionState_None.cpp">
      <Filter>ソース ファイル\Component\Script\BunBunSurvival\Game\Player\ActionState</Filter>
    </ClCompile>
    <ClCompile Include="source\playerActionState_Turn.cpp">
      <Filter>ソース ファイル\Component\Script\BunBunSurvival\Game\Player\ActionState</Filter>
    </ClCompile>
    <ClCompile Include="source\playerActionState_WeaponDeformation.cpp">
      <Filter>ソース ファイル\Component\Script\BunBunSurvival\Game\Player\ActionState</Filter>
    </ClCompile>
    <ClCompile Include="source\playerActionStateBase.cpp">
      <Filter>ソース ファイル\Component\Script\BunBunSurvival\Game\Player\ActionState</Filter>
    </ClCompile>
    <ClCompile Include="source\playerAnimationState_Roll.cpp">
      <Filter>ソース ファイル\Component\Script\BunBunSurvival\Game\Player\AnimationState\Roll</Filter>
    </ClCompile>
    <ClCompile Include="source\playerAnimationState_Roll_Right.cpp">
      <Filter>ソース ファイル\Component\Script\BunBunSurvival\Game\Player\AnimationState\Roll</Filter>
    </ClCompile>
    <ClCompile Include="source\playerAnimationState_Roll_Left.cpp">
      <Filter>ソース ファイル\Component\Script\BunBunSurvival\Game\Player\AnimationState\Roll</Filter>
    </ClCompile>
    <ClCompile Include="source\playerAnimationState_None_Gun.cpp">
      <Filter>ソース ファイル\Component\Script\BunBunSurvival\Game\Player\AnimationState</Filter>
    </ClCompile>
    <ClCompile Include="source\playerAnimationState_None_Rod.cpp">
      <Filter>ソース ファイル\Component\Script\BunBunSurvival\Game\Player\AnimationState</Filter>
    </ClCompile>
    <ClCompile Include="source\playerAnimationState_WeaponDeformation_Gun.cpp">
      <Filter>ソース ファイル\Component\Script\BunBunSurvival\Game\Player\AnimationState</Filter>
    </ClCompile>
    <ClCompile Include="source\playerAnimationState_WeaponDeformation_Rod.cpp">
      <Filter>ソース ファイル\Component\Script\BunBunSurvival\Game\Player\AnimationState</Filter>
    </ClCompile>
    <ClCompile Include="source\playerAnimationStateBase.cpp">
      <Filter>ソース ファイル\Component\Script\BunBunSurvival\Game\Player\AnimationState</Filter>
    </ClCompile>
    <ClCompile Include="source\playerInputListener.cpp">
      <Filter>ソース ファイル\Component\Script\BunBunSurvival\Game\Player\InputListener</Filter>
    </ClCompile>
    <ClCompile Include="source\playerInputListener_Controller.cpp">
      <Filter>ソース ファイル\Component\Script\BunBunSurvival\Game\Player\InputListener</Filter>
    </ClCompile>
    <ClCompile Include="source\playerInputListener_MouseKeyboard.cpp">
      <Filter>ソース ファイル\Component\Script\BunBunSurvival\Game\Player\InputListener</Filter>
    </ClCompile>
    <ClCompile Include="source\playerHpManager.cpp">
      <Filter>ソース ファイル\Component\Script\BunBunSurvival\Game\Player</Filter>
    </ClCompile>
    <ClCompile Include="source\playerManager.cpp">
      <Filter>ソース ファイル\Component\Script\BunBunSurvival\Game\Player</Filter>
    </ClCompile>
  </ItemGroup>
</Project>